
Microsoft Visual Studio Solution File, Format Version 12.00
# Visual Studio Version 16
VisualStudioVersion = 16.0.29025.244
MinimumVisualStudioVersion = 10.0.40219.1
Project("{FAE04EC0-301F-11D3-BF4B-00C04F79EFBC}") = "ArrayGames", "ArrayGames.csproj", "{43DBEB35-6928-4E47-B8A2-B0BB7C41B032}"
EndProject
Global
	GlobalSection(SolutionConfigurationPlatforms) = preSolution
		Debug|Any CPU = Debug|Any CPU
		Release|Any CPU = Release|Any CPU
	EndGlobalSection
	GlobalSection(ProjectConfigurationPlatforms) = postSolution
		{43DBEB35-6928-4E47-B8A2-B0BB7C41B032}.Debug|Any CPU.ActiveCfg = Debug|Any CPU
		{43DBEB35-6928-4E47-B8A2-B0BB7C41B032}.Debug|Any CPU.Build.0 = Debug|Any CPU
		{43DBEB35-6928-4E47-B8A2-B0BB7C41B032}.Release|Any CPU.ActiveCfg = Release|Any CPU
		{43DBEB35-6928-4E47-B8A2-B0BB7C41B032}.Release|Any CPU.Build.0 = Release|Any CPU
	EndGlobalSection
	GlobalSection(SolutionProperties) = preSolution
		HideSolutionNode = FALSE
	EndGlobalSection
	GlobalSection(ExtensibilityGlobals) = postSolution
		SolutionGuid = {5D112166-23E2-4AC9-88B3-BDF27C90B854}
	EndGlobalSection
EndGlobal
